
Microsoft Visual Studio Solution File, Format Version 12.00
# Visual Studio Express 2012 for Windows Desktop
Project("{FAE04EC0-301F-11D3-BF4B-00C04F79EFBC}") = "14.3 Rekursion", "14.3 Rekursion\14.3 Rekursion.csproj", "{156F8B01-43BD-4DC8-94CB-22BF223BA366}"
EndProject
Global
	GlobalSection(SolutionConfigurationPlatforms) = preSolution
		Debug|Any CPU = Debug|Any CPU
		Release|Any CPU = Release|Any CPU
	EndGlobalSection
	GlobalSection(ProjectConfigurationPlatforms) = postSolution
		{156F8B01-43BD-4DC8-94CB-22BF223BA366}.Debug|Any CPU.ActiveCfg = Debug|Any CPU
		{156F8B01-43BD-4DC8-94CB-22BF223BA366}.Debug|Any CPU.Build.0 = Debug|Any CPU
		{156F8B01-43BD-4DC8-94CB-22BF223BA366}.Release|Any CPU.ActiveCfg = Release|Any CPU
		{156F8B01-43BD-4DC8-94CB-22BF223BA366}.Release|Any CPU.Build.0 = Release|Any CPU
	EndGlobalSection
	GlobalSection(SolutionProperties) = preSolution
		HideSolutionNode = FALSE
	EndGlobalSection
EndGlobal
